FORGE
  remote: https://forgeapi.puppetlabs.com
  specs:
    jfryman-nginx (0.2.1)
      puppetlabs-apt (>= 1.0.0)
      puppetlabs-concat (>= 1.1.0)
      puppetlabs-stdlib (>= 3.0.0)
    maestrodev-wget (1.5.7)
    nanliu-staging (1.0.2)
    puppetlabs-apt (1.7.0)
      puppetlabs-stdlib (>= 2.2.1)
    puppetlabs-concat (1.1.2)
      puppetlabs-stdlib (< 5.0.0, >= 3.2.0)
    puppetlabs-mysql (3.1.0)
      nanliu-staging (~> 1.0)
      puppetlabs-stdlib (>= 3.2.0)
    puppetlabs-stdlib (4.5.0)
    stankevich-python (1.7.15)
      puppetlabs-stdlib (>= 4.0.0)
    willdurand-composer (1.1.0)
      maestrodev-wget (>= 1.2.0)

DEPENDENCIES
  jfryman-nginx (= 0.2.1)
  puppetlabs-apt (= 1.7.0)
  puppetlabs-mysql (= 3.1.0)
  stankevich-python (= 1.7.15)
  willdurand-composer (= 1.1.0)

